// !$*UTF8*$!
{
	archiveVersion = 1;
	classes = {
	};
	objectVersion = 50;
	objects = {

/* Begin PBXBuildFile section */
		9A9F4FDF263B2E600001C022 /* AppDelegate.swift in Sources */ = {isa = PBXBuildFile; fileRef = 9A9F4FDE263B2E600001C022 /* AppDelegate.swift */; };
		9A9F4FE1263B2E600001C022 /* SceneDelegate.swift in Sources */ = {isa = PBXBuildFile; fileRef = 9A9F4FE0263B2E600001C022 /* SceneDelegate.swift */; };
		9A9F4FE3263B2E600001C022 /* ViewController.swift in Sources */ = {isa = PBXBuildFile; fileRef = 9A9F4FE2263B2E600001C022 /* ViewController.swift */; };
		9A9F4FE6263B2E600001C022 /* Main.storyboard in Resources */ = {isa = PBXBuildFile; fileRef = 9A9F4FE4263B2E600001C022 /* Main.storyboard */; };
		9A9F4FE8263B2E610001C022 /* Assets.xcassets in Resources */ = {isa = PBXBuildFile; fileRef = 9A9F4FE7263B2E610001C022 /* Assets.xcassets */; };
		9A9F4FEB263B2E610001C022 /* LaunchScreen.storyboard in Resources */ = {isa = PBXBuildFile; fileRef = 9A9F4FE9263B2E610001C022 /* LaunchScreen.storyboard */; };
		9A9F4FF6263B2E610001C022 /* websocket_demoTests.swift in Sources */ = {isa = PBXBuildFile; fileRef = 9A9F4FF5263B2E610001C022 /* websocket_demoTests.swift */; };
		9A9F5001263B2E610001C022 /* websocket_demoUITests.swift in Sources */ = {isa = PBXBuildFile; fileRef = 9A9F5000263B2E610001C022 /* websocket_demoUITests.swift */; };
		9A9F5012263B2E810001C022 /* WebsocketClient.swift in Sources */ = {isa = PBXBuildFile; fileRef = 9A9F5011263B2E810001C022 /* WebsocketClient.swift */; };
/* End PBXBuildFile section */

/* Begin PBXContainerItemProxy section */
		9A9F4FF2263B2E610001C022 /* PBXContainerItemProxy */ = {
			isa = PBXContainerItemProxy;
			containerPortal = 9A9F4FD3263B2E600001C022 /* Project object */;
			proxyType = 1;
			remoteGlobalIDString = 9A9F4FDA263B2E600001C022;
			remoteInfo = "websocket-demo";
		};
		9A9F4FFD263B2E610001C022 /* PBXContainerItemProxy */ = {
			isa = PBXContainerItemProxy;
			containerPortal = 9A9F4FD3263B2E600001C022 /* Project object */;
			proxyType = 1;
			remoteGlobalIDString = 9A9F4FDA263B2E600001C022;
			remoteInfo = "websocket-demo";
		};
/* End PBXContainerItemProxy section */

/* Begin PBXFileReference section */
		9A9F4FDB263B2E600001C022 /* websocket-demo.app */ = {isa = PBXFileReference; explicitFileType = wrapper.application; includeInIndex = 0; path = "websocket-demo.app"; sourceTree = BUILT_PRODUCTS_DIR; };
		9A9F4FDE263B2E600001C022 /* AppDelegate.swift */ = {isa = PBXFileReference; lastKnownFileType = sourcecode.swift; path = AppDelegate.swift; sourceTree = "<group>"; };
		9A9F4FE0263B2E600001C022 /* SceneDelegate.swift */ = {isa = PBXFileReference; lastKnownFileType = sourcecode.swift; path = SceneDelegate.swift; sourceTree = "<group>"; };
		9A9F4FE2263B2E600001C022 /* ViewController.swift */ = {isa = PBXFileReference; lastKnownFileType = sourcecode.swift; path = ViewController.swift; sourceTree = "<group>"; };
		9A9F4FE5263B2E600001C022 /* Base */ = {isa = PBXFileReference; lastKnownFileType = file.storyboard; name = Base; path = Base.lproj/Main.storyboard; sourceTree = "<group>"; };
		9A9F4FE7263B2E610001C022 /* Assets.xcassets */ = {isa = PBXFileReference; lastKnownFileType = folder.assetcatalog; path = Assets.xcassets; sourceTree = "<group>"; };
		9A9F4FEA263B2E610001C022 /* Base */ = {isa = PBXFileReference; lastKnownFileType = file.storyboard; name = Base; path = Base.lproj/LaunchScreen.storyboard; sourceTree = "<group>"; };
		9A9F4FEC263B2E610001C022 /* Info.plist */ = {isa = PBXFileReference; lastKnownFileType = text.plist.xml; path = Info.plist; sourceTree = "<group>"; };
		9A9F4FF1263B2E610001C022 /* websocket-demoTests.xctest */ = {isa = PBXFileReference; explicitFileType = wrapper.cfbundle; includeInIndex = 0; path = "websocket-demoTests.xctest"; sourceTree = BUILT_PRODUCTS_DIR; };
		9A9F4FF5263B2E610001C022 /* websocket_demoTests.swift */ = {isa = PBXFileReference; lastKnownFileType = sourcecode.swift; path = websocket_demoTests.swift; sourceTree = "<group>"; };
		9A9F4FF7263B2E610001C022 /* Info.plist */ = {isa = PBXFileReference; lastKnownFileType = text.plist.xml; path = Info.plist; sourceTree = "<group>"; };
		9A9F4FFC263B2E610001C022 /* websocket-demoUITests.xctest */ = {isa = PBXFileReference; explicitFileType = wrapper.cfbundle; includeInIndex = 0; path = "websocket-demoUITests.xctest"; sourceTree = BUILT_PRODUCTS_DIR; };
		9A9F5000263B2E610001C022 /* websocket_demoUITests.swift */ = {isa = PBXFileReference; lastKnownFileType = sourcecode.swift; path = websocket_demoUITests.swift; sourceTree = "<group>"; };
		9A9F5002263B2E610001C022 /* Info.plist */ = {isa = PBXFileReference; lastKnownFileType = text.plist.xml; path = Info.plist; sourceTree = "<group>"; };
		9A9F5011263B2E810001C022 /* WebsocketClient.swift */ = {isa = PBXFileReference; lastKnownFileType = sourcecode.swift; path = WebsocketClient.swift; sourceTree = "<group>"; };
/* End PBXFileReference section */

/* Begin PBXFrameworksBuildPhase section */
		9A9F4FD8263B2E600001C022 /* Frameworks */ = {
			isa = PBXFrameworksBuildPhase;
			buildActionMask = 2147483647;
			files = (
			);
			runOnlyForDeploymentPostprocessing = 0;
		};
		9A9F4FEE263B2E610001C022 /* Frameworks */ = {
			isa = PBXFrameworksBuildPhase;
			buildActionMask = 2147483647;
			files = (
			);
			runOnlyForDeploymentPostprocessing = 0;
		};
		9A9F4FF9263B2E610001C022 /* Frameworks */ = {
			isa = PBXFrameworksBuildPhase;
			buildActionMask = 2147483647;
			files = (
			);
			runOnlyForDeploymentPostprocessing = 0;
		};
/* End PBXFrameworksBuildPhase section */

/* Begin PBXGroup section */
		9A9F4FD2263B2E600001C022 = {
			isa = PBXGroup;
			children = (
				9A9F4FDD263B2E600001C022 /* websocket-demo */,
				9A9F4FF4263B2E610001C022 /* websocket-demoTests */,
				9A9F4FFF263B2E610001C022 /* websocket-demoUITests */,
				9A9F4FDC263B2E600001C022 /* Products */,
			);
			sourceTree = "<group>";
		};
		9A9F4FDC263B2E600001C022 /* Products */ = {
			isa = PBXGroup;
			children = (
				9A9F4FDB263B2E600001C022 /* websocket-demo.app */,
				9A9F4FF1263B2E610001C022 /* websocket-demoTests.xctest */,
				9A9F4FFC263B2E610001C022 /* websocket-demoUITests.xctest */,
			);
			name = Products;
			sourceTree = "<group>";
		};
		9A9F4FDD263B2E600001C022 /* websocket-demo */ = {
			isa = PBXGroup;
			children = (
				9A9F5016263B2E8D0001C022 /* User Interface */,
				9A9F5011263B2E810001C022 /* WebsocketClient.swift */,
				9A9F4FE4263B2E600001C022 /* Main.storyboard */,
				9A9F4FE7263B2E610001C022 /* Assets.xcassets */,
				9A9F4FE9263B2E610001C022 /* LaunchScreen.storyboard */,
				9A9F4FEC263B2E610001C022 /* Info.plist */,
			);
			path = "websocket-demo";
			sourceTree = "<group>";
		};
		9A9F4FF4263B2E610001C022 /* websocket-demoTests */ = {
			isa = PBXGroup;
			children = (
				9A9F4FF5263B2E610001C022 /* websocket_demoTests.swift */,
				9A9F4FF7263B2E610001C022 /* Info.plist */,
			);
			path = "websocket-demoTests";
			sourceTree = "<group>";
		};
		9A9F4FFF263B2E610001C022 /* websocket-demoUITests */ = {
			isa = PBXGroup;
			children = (
				9A9F5000263B2E610001C022 /* websocket_demoUITests.swift */,
				9A9F5002263B2E610001C022 /* Info.plist */,
			);
			path = "websocket-demoUITests";
			sourceTree = "<group>";
		};
		9A9F5016263B2E8D0001C022 /* User Interface */ = {
			isa = PBXGroup;
			children = (
				9A9F4FDE263B2E600001C022 /* AppDelegate.swift */,
				9A9F4FE0263B2E600001C022 /* SceneDelegate.swift */,
				9A9F4FE2263B2E600001C022 /* ViewController.swift */,
			);
			path = "User Interface";
			sourceTree = "<group>";
		};
/* End PBXGroup section */

/* Begin PBXNativeTarget section */
		9A9F4FDA263B2E600001C022 /* websocket-demo */ = {
			isa = PBXNativeTarget;
			buildConfigurationList = 9A9F5005263B2E610001C022 /* Build configuration list for PBXNativeTarget "websocket-demo" */;
			buildPhases = (
				9A9F4FD7263B2E600001C022 /* Sources */,
				9A9F4FD8263B2E600001C022 /* Frameworks */,
				9A9F4FD9263B2E600001C022 /* Resources */,
			);
			buildRules = (
			);
			dependencies = (
			);
			name = "websocket-demo";
			productName = "websocket-demo";
			productReference = 9A9F4FDB263B2E600001C022 /* websocket-demo.app */;
			productType = "com.apple.product-type.application";
		};
		9A9F4FF0263B2E610001C022 /* websocket-demoTests */ = {
			isa = PBXNativeTarget;
			buildConfigurationList = 9A9F5008263B2E610001C022 /* Build configuration list for PBXNativeTarget "websocket-demoTests" */;
			buildPhases = (
				9A9F4FED263B2E610001C022 /* Sources */,
				9A9F4FEE263B2E610001C022 /* Frameworks */,
				9A9F4FEF263B2E610001C022 /* Resources */,
			);
			buildRules = (
			);
			dependencies = (
				9A9F4FF3263B2E610001C022 /* PBXTargetDependency */,
			);
			name = "websocket-demoTests";
			productName = "websocket-demoTests";
			productReference = 9A9F4FF1263B2E610001C022 /* websocket-demoTests.xctest */;
			productType = "com.apple.product-type.bundle.unit-test";
		};
		9A9F4FFB263B2E610001C022 /* websocket-demoUITests */ = {
			isa = PBXNativeTarget;
			buildConfigurationList = 9A9F500B263B2E610001C022 /* Build configuration list for PBXNativeTarget "websocket-demoUITests" */;
			buildPhases = (
				9A9F4FF8263B2E610001C022 /* Sources */,
				9A9F4FF9263B2E610001C022 /* Frameworks */,
				9A9F4FFA263B2E610001C022 /* Resources */,
			);
			buildRules = (
			);
			dependencies = (
				9A9F4FFE263B2E610001C022 /* PBXTargetDependency */,
			);
			name = "websocket-demoUITests";
			productName = "websocket-demoUITests";
			productReference = 9A9F4FFC263B2E610001C022 /* websocket-demoUITests.xctest */;
			productType = "com.apple.product-type.bundle.ui-testing";
		};
/* End PBXNativeTarget section */

/* Begin PBXProject section */
		9A9F4FD3263B2E600001C022 /* Project object */ = {
			isa = PBXProject;
			attributes = {
				LastSwiftUpdateCheck = 1240;
				LastUpgradeCheck = 1240;
				TargetAttributes = {
					9A9F4FDA263B2E600001C022 = {
						CreatedOnToolsVersion = 12.4;
					};
					9A9F4FF0263B2E610001C022 = {
						CreatedOnToolsVersion = 12.4;
						TestTargetID = 9A9F4FDA263B2E600001C022;
					};
					9A9F4FFB263B2E610001C022 = {
						CreatedOnToolsVersion = 12.4;
						TestTargetID = 9A9F4FDA263B2E600001C022;
					};
				};
			};
			buildConfigurationList = 9A9F4FD6263B2E600001C022 /* Build configuration list for PBXProject "websocket-demo" */;
			compatibilityVersion = "Xcode 9.3";
			developmentRegion = en;
			hasScannedForEncodings = 0;
			knownRegions = (
				en,
				Base,
			);
			mainGroup = 9A9F4FD2263B2E600001C022;
			productRefGroup = 9A9F4FDC263B2E600001C022 /* Products */;
			projectDirPath = "";
			projectRoot = "";
			targets = (
				9A9F4FDA263B2E600001C022 /* websocket-demo */,
				9A9F4FF0263B2E610001C022 /* websocket-demoTests */,
				9A9F4FFB263B2E610001C022 /* websocket-demoUITests */,
			);
		};
/* End PBXProject section */

/* Begin PBXResourcesBuildPhase section */
		9A9F4FD9263B2E600001C022 /* Resources */ = {
			isa = PBXResourcesBuildPhase;
			buildActionMask = 2147483647;
			files = (
				9A9F4FEB263B2E610001C022 /* LaunchScreen.storyboard in Resources */,
				9A9F4FE8263B2E610001C022 /* Assets.xcassets in Resources */,
				9A9F4FE6263B2E600001C022 /* Main.storyboard in Resources */,
			);
			runOnlyForDeploymentPostprocessing = 0;
		};
		9A9F4FEF263B2E610001C022 /* Resources */ = {
			isa = PBXResourcesBuildPhase;
			buildActionMask = 2147483647;
			files = (
			);
			runOnlyForDeploymentPostprocessing = 0;
		};
		9A9F4FFA263B2E610001C022 /* Resources */ = {
			isa = PBXResourcesBuildPhase;
			buildActionMask = 2147483647;
			files = (
			);
			runOnlyForDeploymentPostprocessing = 0;
		};
/* End PBXResourcesBuildPhase section */

/* Begin PBXSourcesBuildPhase section */
		9A9F4FD7263B2E600001C022 /* Sources */ = {
			isa = PBXSourcesBuildPhase;
			buildActionMask = 2147483647;
			files = (
				9A9F4FE3263B2E600001C022 /* ViewController.swift in Sources */,
				9A9F4FDF263B2E600001C022 /* AppDelegate.swift in Sources */,
				9A9F5012263B2E810001C022 /* WebsocketClient.swift in Sources */,
				9A9F4FE1263B2E600001C022 /* SceneDelegate.swift in Sources */,
			);
			runOnlyForDeploymentPostprocessing = 0;
		};
		9A9F4FED263B2E610001C022 /* Sources */ = {
			isa = PBXSourcesBuildPhase;
			buildActionMask = 2147483647;
			files = (
				9A9F4FF6263B2E610001C022 /* websocket_demoTests.swift in Sources */,
			);
			runOnlyForDeploymentPostprocessing = 0;
		};
		9A9F4FF8263B2E610001C022 /* Sources */ = {
			isa = PBXSourcesBuildPhase;
			buildActionMask = 2147483647;
			files = (
				9A9F5001263B2E610001C022 /* websocket_demoUITests.swift in Sources */,
			);
			runOnlyForDeploymentPostprocessing = 0;
		};
/* End PBXSourcesBuildPhase section */

/* Begin PBXTargetDependency section */
		9A9F4FF3263B2E610001C022 /* PBXTargetDependency */ = {
			isa = PBXTargetDependency;
			target = 9A9F4FDA263B2E600001C022 /* websocket-demo */;
			targetProxy = 9A9F4FF2263B2E610001C022 /* PBXContainerItemProxy */;
		};
		9A9F4FFE263B2E610001C022 /* PBXTargetDependency */ = {
			isa = PBXTargetDependency;
			target = 9A9F4FDA263B2E600001C022 /* websocket-demo */;
			targetProxy = 9A9F4FFD263B2E610001C022 /* PBXContainerItemProxy */;
		};
/* End PBXTargetDependency section */

/* Begin PBXVariantGroup section */
		9A9F4FE4263B2E600001C022 /* Main.storyboard */ = {
			isa = PBXVariantGroup;
			children = (
				9A9F4FE5263B2E600001C022 /* Base */,
			);
			name = Main.storyboard;
			sourceTree = "<group>";
		};
		9A9F4FE9263B2E610001C022 /* LaunchScreen.storyboard */ = {
			isa = PBXVariantGroup;
			children = (
				9A9F4FEA263B2E610001C022 /* Base */,
			);
			name = LaunchScreen.storyboard;
			sourceTree = "<group>";
		};
/* End PBXVariantGroup section */

/* Begin XCBuildConfiguration section */
		9A9F5003263B2E610001C022 /* Debug */ = {
			isa = XCBuildConfiguration;
			buildSettings = {
				ALWAYS_SEARCH_USER_PATHS = NO;
				CLANG_ANALYZER_NONNULL = YES;
				CLANG_ANALYZER_NUMBER_OBJECT_CONVERSION = YES_AGGRESSIVE;
				CLANG_CXX_LANGUAGE_STANDARD = "gnu++14";
				CLANG_CXX_LIBRARY = "libc++";
				CLANG_ENABLE_MODULES = YES;
				CLANG_ENABLE_OBJC_ARC = YES;
				CLANG_ENABLE_OBJC_WEAK = YES;
				CLANG_WARN_BLOCK_CAPTURE_AUTORELEASING = YES;
				CLANG_WARN_BOOL_CONVERSION = YES;
				CLANG_WARN_COMMA = YES;
				CLANG_WARN_CONSTANT_CONVERSION = YES;
				CLANG_WARN_DEPRECATED_OBJC_IMPLEMENTATIONS = YES;
				CLANG_WARN_DIRECT_OBJC_ISA_USAGE = YES_ERROR;
				CLANG_WARN_DOCUMENTATION_COMMENTS = YES;
				CLANG_WARN_EMPTY_BODY = YES;
				CLANG_WARN_ENUM_CONVERSION = YES;
				CLANG_WARN_INFINITE_RECURSION = YES;
				CLANG_WARN_INT_CONVERSION = YES;
				CLANG_WARN_NON_LITERAL_NULL_CONVERSION = YES;
				CLANG_WARN_OBJC_IMPLICIT_RETAIN_SELF = YES;
				CLANG_WARN_OBJC_LITERAL_CONVERSION = YES;
				CLANG_WARN_OBJC_ROOT_CLASS = YES_ERROR;
				CLANG_WARN_QUOTED_INCLUDE_IN_FRAMEWORK_HEADER = YES;
				CLANG_WARN_RANGE_LOOP_ANALYSIS = YES;
				CLANG_WARN_STRICT_PROTOTYPES = YES;
				CLANG_WARN_SUSPICIOUS_MOVE = YES;
				CLANG_WARN_UNGUARDED_AVAILABILITY = YES_AGGRESSIVE;
				CLANG_WARN_UNREACHABLE_CODE = YES;
				CLANG_WARN__DUPLICATE_METHOD_MATCH = YES;
				COPY_PHASE_STRIP = NO;
				DEBUG_INFORMATION_FORMAT = dwarf;
				ENABLE_STRICT_OBJC_MSGSEND = YES;
				ENABLE_TESTABILITY = YES;
				GCC_C_LANGUAGE_STANDARD = gnu11;
				GCC_DYNAMIC_NO_PIC = NO;
				GCC_NO_COMMON_BLOCKS = YES;
				GCC_OPTIMIZATION_LEVEL = 0;
				GCC_PREPROCESSOR_DEFINITIONS = (
					"DEBUG=1",
					"$(inherited)",
				);
				GCC_WARN_64_TO_32_BIT_CONVERSION = YES;
				GCC_WARN_ABOUT_RETURN_TYPE = YES_ERROR;
				GCC_WARN_UNDECLARED_SELECTOR = YES;
				GCC_WARN_UNINITIALIZED_AUTOS = YES_AGGRESSIVE;
				GCC_WARN_UNUSED_FUNCTION = YES;
				GCC_WARN_UNUSED_VARIABLE = YES;
				IPHONEOS_DEPLOYMENT_TARGET = 14.4;
				MTL_ENABLE_DEBUG_INFO = INCLUDE_SOURCE;
				MTL_FAST_MATH = YES;
				ONLY_ACTIVE_ARCH = YES;
				SDKROOT = iphoneos;
				SWIFT_ACTIVE_COMPILATION_CONDITIONS = DEBUG;
				SWIFT_OPTIMIZATION_LEVEL = "-Onone";
			};
			name = Debug;
		};
		9A9F5004263B2E610001C022 /* Release */ = {
			isa = XCBuildConfiguration;
			buildSettings = {
				ALWAYS_SEARCH_USER_PATHS = NO;
				CLANG_ANALYZER_NONNULL = YES;
				CLANG_ANALYZER_NUMBER_OBJECT_CONVERSION = YES_AGGRESSIVE;
				CLANG_CXX_LANGUAGE_STANDARD = "gnu++14";
				CLANG_CXX_LIBRARY = "libc++";
				CLANG_ENABLE_MODULES = YES;
				CLANG_ENABLE_OBJC_ARC = YES;
				CLANG_ENABLE_OBJC_WEAK = YES;
				CLANG_WARN_BLOCK_CAPTURE_AUTORELEASING = YES;
				CLANG_WARN_BOOL_CONVERSION = YES;
				CLANG_WARN_COMMA = YES;
				CLANG_WARN_CONSTANT_CONVERSION = YES;
				CLANG_WARN_DEPRECATED_OBJC_IMPLEMENTATIONS = YES;
				CLANG_WARN_DIRECT_OBJC_ISA_USAGE = YES_ERROR;
				CLANG_WARN_DOCUMENTATION_COMMENTS = YES;
				CLANG_WARN_EMPTY_BODY = YES;
				CLANG_WARN_ENUM_CONVERSION = YES;
				CLANG_WARN_INFINITE_RECURSION = YES;
				CLANG_WARN_INT_CONVERSION = YES;
				CLANG_WARN_NON_LITERAL_NULL_CONVERSION = YES;
				CLANG_WARN_OBJC_IMPLICIT_RETAIN_SELF = YES;
				CLANG_WARN_OBJC_LITERAL_CONVERSION = YES;
				CLANG_WARN_OBJC_ROOT_CLASS = YES_ERROR;
				CLANG_WARN_QUOTED_INCLUDE_IN_FRAMEWORK_HEADER = YES;
				CLANG_WARN_RANGE_LOOP_ANALYSIS = YES;
				CLANG_WARN_STRICT_PROTOTYPES = YES;
				CLANG_WARN_SUSPICIOUS_MOVE = YES;
				CLANG_WARN_UNGUARDED_AVAILABILITY = YES_AGGRESSIVE;
				CLANG_WARN_UNREACHABLE_CODE = YES;
				CLANG_WARN__DUPLICATE_METHOD_MATCH = YES;
				COPY_PHASE_STRIP = NO;
				DEBUG_INFORMATION_FORMAT = "dwarf-with-dsym";
				ENABLE_NS_ASSERTIONS = NO;
				ENABLE_STRICT_OBJC_MSGSEND = YES;
				GCC_C_LANGUAGE_STANDARD = gnu11;
				GCC_NO_COMMON_BLOCKS = YES;
				GCC_WARN_64_TO_32_BIT_CONVERSION = YES;
				GCC_WARN_ABOUT_RETURN_TYPE = YES_ERROR;
				GCC_WARN_UNDECLARED_SELECTOR = YES;
				GCC_WARN_UNINITIALIZED_AUTOS = YES_AGGRESSIVE;
				GCC_WARN_UNUSED_FUNCTION = YES;
				GCC_WARN_UNUSED_VARIABLE = YES;
				IPHONEOS_DEPLOYMENT_TARGET = 14.4;
				MTL_ENABLE_DEBUG_INFO = NO;
				MTL_FAST_MATH = YES;
				SDKROOT = iphoneos;
				SWIFT_COMPILATION_MODE = wholemodule;
				SWIFT_OPTIMIZATION_LEVEL = "-O";
				VALIDATE_PRODUCT = YES;
			};
			name = Release;
		};
		9A9F5006263B2E610001C022 /* Debug */ = {
			isa = XCBuildConfiguration;
			buildSettings = {
				ASSETCATALOG_COMPILER_APPICON_NAME = AppIcon;
				ASSETCATALOG_COMPILER_GLOBAL_ACCENT_COLOR_NAME = AccentColor;
				CODE_SIGN_STYLE = Automatic;
				FRAMEWORK_SEARCH_PATHS = "$(inherited)";
				INFOPLIST_FILE = "websocket-demo/Info.plist";
				LD_RUNPATH_SEARCH_PATHS = (
					"$(inherited)",
					"@executable_path/Frameworks",
				);
				PRODUCT_BUNDLE_IDENTIFIER = "com.danielno.websocket-demo";
				PRODUCT_NAME = "$(TARGET_NAME)";
				SWIFT_VERSION = 5.0;
				TARGETED_DEVICE_FAMILY = "1,2";
			};
			name = Debug;
		};
		9A9F5007263B2E610001C022 /* Release */ = {
			isa = XCBuildConfiguration;
			buildSettings = {
				ASSETCATALOG_COMPILER_APPICON_NAME = AppIcon;
				ASSETCATALOG_COMPILER_GLOBAL_ACCENT_COLOR_NAME = AccentColor;
				CODE_SIGN_STYLE = Automatic;
				FRAMEWORK_SEARCH_PATHS = "$(inherited)";
				INFOPLIST_FILE = "websocket-demo/Info.plist";
				LD_RUNPATH_SEARCH_PATHS = (
					"$(inherited)",
					"@executable_path/Frameworks",
				);
				PRODUCT_BUNDLE_IDENTIFIER = "com.danielno.websocket-demo";
				PRODUCT_NAME = "$(TARGET_NAME)";
				SWIFT_VERSION = 5.0;
				TARGETED_DEVICE_FAMILY = "1,2";
			};
			name = Release;
		};
		9A9F5009263B2E610001C022 /* Debug */ = {
			isa = XCBuildConfiguration;
			buildSettings = {
				ALWAYS_EMBED_SWIFT_STANDARD_LIBRARIES = YES;
				BUNDLE_LOADER = "$(TEST_HOST)";
				CODE_SIGN_STYLE = Automatic;
				INFOPLIST_FILE = "websocket-demoTests/Info.plist";
				IPHONEOS_DEPLOYMENT_TARGET = 14.4;
				LD_RUNPATH_SEARCH_PATHS = (
					"$(inherited)",
					"@executable_path/Frameworks",
					"@loader_path/Frameworks",
				);
				PRODUCT_BUNDLE_IDENTIFIER = "com.danielno.websocket-demoTests";
				PRODUCT_NAME = "$(TARGET_NAME)";
				SWIFT_VERSION = 5.0;
				TARGETED_DEVICE_FAMILY = "1,2";
				TEST_HOST = "$(BUILT_PRODUCTS_DIR)/websocket-demo.app/websocket-demo";
			};
			name = Debug;
		};
		9A9F500A263B2E610001C022 /* Release */ = {
			isa = XCBuildConfiguration;
			buildSettings = {
				ALWAYS_EMBED_SWIFT_STANDARD_LIBRARIES = YES;
				BUNDLE_LOADER = "$(TEST_HOST)";
				CODE_SIGN_STYLE = Automatic;
				INFOPLIST_FILE = "websocket-demoTests/Info.plist";
				IPHONEOS_DEPLOYMENT_TARGET = 14.4;
				LD_RUNPATH_SEARCH_PATHS = (
					"$(inherited)",
					"@executable_path/Frameworks",
					"@loader_path/Frameworks",
				);
				PRODUCT_BUNDLE_IDENTIFIER = "com.danielno.websocket-demoTests";
				PRODUCT_NAME = "$(TARGET_NAME)";
				SWIFT_VERSION = 5.0;
				TARGETED_DEVICE_FAMILY = "1,2";
				TEST_HOST = "$(BUILT_PRODUCTS_DIR)/websocket-demo.app/websocket-demo";
			};
			name = Release;
		};
		9A9F500C263B2E610001C022 /* Debug */ = {
			isa = XCBuildConfiguration;
			buildSettings = {
				ALWAYS_EMBED_SWIFT_STANDARD_LIBRARIES = YES;
				CODE_SIGN_STYLE = Automatic;
				INFOPLIST_FILE = "websocket-demoUITests/Info.plist";
				LD_RUNPATH_SEARCH_PATHS = (
					"$(inherited)",
					"@executable_path/Frameworks",
					"@loader_path/Frameworks",
				);
				PRODUCT_BUNDLE_IDENTIFIER = "com.danielno.websocket-demoUITests";
				PRODUCT_NAME = "$(TARGET_NAME)";
				SWIFT_VERSION = 5.0;
				TARGETED_DEVICE_FAMILY = "1,2";
				TEST_TARGET_NAME = "websocket-demo";
			};
			name = Debug;
		};
		9A9F500D263B2E610001C022 /* Release */ = {
			isa = XCBuildConfiguration;
			buildSettings = {
				ALWAYS_EMBED_SWIFT_STANDARD_LIBRARIES = YES;
				CODE_SIGN_STYLE = Automatic;
				INFOPLIST_FILE = "websocket-demoUITests/Info.plist";
				LD_RUNPATH_SEARCH_PATHS = (
					"$(inherited)",
					"@executable_path/Frameworks",
					"@loader_path/Frameworks",
				);
				PRODUCT_BUNDLE_IDENTIFIER = "com.danielno.websocket-demoUITests";
				PRODUCT_NAME = "$(TARGET_NAME)";
				SWIFT_VERSION = 5.0;
				TARGETED_DEVICE_FAMILY = "1,2";
				TEST_TARGET_NAME = "websocket-demo";
			};
			name = Release;
		};
/* End XCBuildConfiguration section */

/* Begin XCConfigurationList section */
		9A9F4FD6263B2E600001C022 /* Build configuration list for PBXProject "websocket-demo" */ = {
			isa = XCConfigurationList;
			buildConfigurations = (
				9A9F5003263B2E610001C022 /* Debug */,
				9A9F5004263B2E610001C022 /* Release */,
			);
			defaultConfigurationIsVisible = 0;
			defaultConfigurationName = Release;
		};
		9A9F5005263B2E610001C022 /* Build configuration list for PBXNativeTarget "websocket-demo" */ = {
			isa = XCConfigurationList;
			buildConfigurations = (
				9A9F5006263B2E610001C022 /* Debug */,
				9A9F5007263B2E610001C022 /* Release */,
			);
			defaultConfigurationIsVisible = 0;
			defaultConfigurationName = Release;
		};
		9A9F5008263B2E610001C022 /* Build configuration list for PBXNativeTarget "websocket-demoTests" */ = {
			isa = XCConfigurationList;
			buildConfigurations = (
				9A9F5009263B2E610001C022 /* Debug */,
				9A9F500A263B2E610001C022 /* Release */,
			);
			defaultConfigurationIsVisible = 0;
			defaultConfigurationName = Release;
		};
		9A9F500B263B2E610001C022 /* Build configuration list for PBXNativeTarget "websocket-demoUITests" */ = {
			isa = XCConfigurationList;
			buildConfigurations = (
				9A9F500C263B2E610001C022 /* Debug */,
				9A9F500D263B2E610001C022 /* Release */,
			);
			defaultConfigurationIsVisible = 0;
			defaultConfigurationName = Release;
		};
/* End XCConfigurationList section */
	};
	rootObject = 9A9F4FD3263B2E600001C022 /* Project object */;
}
